
Microsoft Visual Studio Solution File, Format Version 12.00
# Visual Studio Version 16
VisualStudioVersion = 16.0.30517.126
MinimumVisualStudioVersion = 10.0.40219.1
Project("{FAE04EC0-301F-11D3-BF4B-00C04F79EFBC}") = "IsolatedStorageDemo", "IsolatedStorageDemo\IsolatedStorageDemo.csproj", "{7E1622B8-8514-42A9-A4B3-122E54C62079}"
EndProject
Global
	GlobalSection(SolutionConfigurationPlatforms) = preSolution
		Debug|Any CPU = Debug|Any CPU
		Release|Any CPU = Release|Any CPU
	EndGlobalSection
	GlobalSection(ProjectConfigurationPlatforms) = postSolution
		{7E1622B8-8514-42A9-A4B3-122E54C62079}.Debug|Any CPU.ActiveCfg = Debug|Any CPU
		{7E1622B8-8514-42A9-A4B3-122E54C62079}.Debug|Any CPU.Build.0 = Debug|Any CPU
		{7E1622B8-8514-42A9-A4B3-122E54C62079}.Release|Any CPU.ActiveCfg = Release|Any CPU
		{7E1622B8-8514-42A9-A4B3-122E54C62079}.Release|Any CPU.Build.0 = Release|Any CPU
	EndGlobalSection
	GlobalSection(SolutionProperties) = preSolution
		HideSolutionNode = FALSE
	EndGlobalSection
	GlobalSection(ExtensibilityGlobals) = postSolution
		SolutionGuid = {4844A146-3C2B-4705-8D54-E45595DEE433}
	EndGlobalSection
EndGlobal
