
Microsoft Visual Studio Solution File, Format Version 12.00
# Visual Studio Version 16
VisualStudioVersion = 16.0.29709.97
MinimumVisualStudioVersion = 10.0.40219.1
Project("{FAE04EC0-301F-11D3-BF4B-00C04F79EFBC}") = "ConsoleApp2.2", "ConsoleApp2.2\ConsoleApp2.2.csproj", "{CCA2B187-CCDE-49DD-8311-DB9BFC466870}"
EndProject
Global
	GlobalSection(SolutionConfigurationPlatforms) = preSolution
		Debug|Any CPU = Debug|Any CPU
		Release|Any CPU = Release|Any CPU
	EndGlobalSection
	GlobalSection(ProjectConfigurationPlatforms) = postSolution
		{CCA2B187-CCDE-49DD-8311-DB9BFC466870}.Debug|Any CPU.ActiveCfg = Debug|Any CPU
		{CCA2B187-CCDE-49DD-8311-DB9BFC466870}.Debug|Any CPU.Build.0 = Debug|Any CPU
		{CCA2B187-CCDE-49DD-8311-DB9BFC466870}.Release|Any CPU.ActiveCfg = Release|Any CPU
		{CCA2B187-CCDE-49DD-8311-DB9BFC466870}.Release|Any CPU.Build.0 = Release|Any CPU
	EndGlobalSection
	GlobalSection(SolutionProperties) = preSolution
		HideSolutionNode = FALSE
	EndGlobalSection
	GlobalSection(ExtensibilityGlobals) = postSolution
		SolutionGuid = {4EA4B989-EDBB-4B43-8097-9BBABEA74F62}
	EndGlobalSection
EndGlobal
