
Microsoft Visual Studio Solution File, Format Version 12.00
# Visual Studio Version 16
VisualStudioVersion = 16.0.30517.126
MinimumVisualStudioVersion = 10.0.40219.1
Project("{FAE04EC0-301F-11D3-BF4B-00C04F79EFBC}") = "LookupCollection", "LookupCollection\LookupCollection.csproj", "{08354655-8DD4-4ABA-900A-00C983D5A237}"
EndProject
Global
	GlobalSection(SolutionConfigurationPlatforms) = preSolution
		Debug|Any CPU = Debug|Any CPU
		Release|Any CPU = Release|Any CPU
	EndGlobalSection
	GlobalSection(ProjectConfigurationPlatforms) = postSolution
		{08354655-8DD4-4ABA-900A-00C983D5A237}.Debug|Any CPU.ActiveCfg = Debug|Any CPU
		{08354655-8DD4-4ABA-900A-00C983D5A237}.Debug|Any CPU.Build.0 = Debug|Any CPU
		{08354655-8DD4-4ABA-900A-00C983D5A237}.Release|Any CPU.ActiveCfg = Release|Any CPU
		{08354655-8DD4-4ABA-900A-00C983D5A237}.Release|Any CPU.Build.0 = Release|Any CPU
	EndGlobalSection
	GlobalSection(SolutionProperties) = preSolution
		HideSolutionNode = FALSE
	EndGlobalSection
	GlobalSection(ExtensibilityGlobals) = postSolution
		SolutionGuid = {1CF46E1A-566D-42A6-B99F-78FCE33303ED}
	EndGlobalSection
EndGlobal
